
Microsoft Visual Studio Solution File, Format Version 12.00
# Visual Studio 14
VisualStudioVersion = 14.0.25420.1
MinimumVisualStudioVersion = 10.0.40219.1
Project("{FAE04EC0-301F-11D3-BF4B-00C04F79EFBC}") = "IAlgorithm", "IProblem\IAlgorithm.csproj", "{05E818A1-1456-4E48-8908-B1AE9EF46485}"
EndProject
Project("{FAE04EC0-301F-11D3-BF4B-00C04F79EFBC}") = "CUI", "CUI\CUI.csproj", "{A1FF9E64-C488-499D-9251-B7A8BC513946}"
EndProject
Project("{FAE04EC0-301F-11D3-BF4B-00C04F79EFBC}") = "PB001.cs", "PB001.cs\PB001.cs.csproj", "{9DEE8AB0-D469-4FA9-8D08-B9BA99A88516}"
EndProject
Project("{FAE04EC0-301F-11D3-BF4B-00C04F79EFBC}") = "PB002.cs", "PB002.cs\PB002.cs.csproj", "{16049329-E55C-41A5-ADB6-FB3501F15B41}"
EndProject
Project("{2150E333-8FDC-42A3-9474-1A3956D46DE8}") = "Solution Items", "Solution Items", "{25AD1708-E18E-4C06-BA13-1EBE47B4C322}"
	ProjectSection(SolutionItems) = preProject
		README.md = README.md
	EndProjectSection
EndProject
Project("{FAE04EC0-301F-11D3-BF4B-00C04F79EFBC}") = "Toolbox", "Toolbox\Toolbox.csproj", "{99726FE1-8DF5-4E36-A0BC-84AD4B51B36A}"
EndProject
Project("{FAE04EC0-301F-11D3-BF4B-00C04F79EFBC}") = "PB003.cs", "PB003.cs\PB003.cs.csproj", "{75DB905C-6D93-4490-8BA7-6F9CCD6FB29C}"
EndProject
Project("{FAE04EC0-301F-11D3-BF4B-00C04F79EFBC}") = "TroyLib", "TroyLib\TroyLib.csproj", "{1F419CF7-F086-481F-8F2C-3541AC53A80D}"
EndProject
Project("{FAE04EC0-301F-11D3-BF4B-00C04F79EFBC}") = "PB004.cs", "PB004.cs\PB004.cs.csproj", "{3117E2D0-2001-4A3E-91C4-32819B041C48}"
EndProject
Project("{FAE04EC0-301F-11D3-BF4B-00C04F79EFBC}") = "PB005.cs", "PB005.cs\PB005.cs.csproj", "{46940867-99A6-47FC-9928-6DF9DFE67CEE}"
EndProject
Project("{FAE04EC0-301F-11D3-BF4B-00C04F79EFBC}") = "PB006.cs", "PB006.cs\PB006.cs.csproj", "{8FD6165C-5C4F-4E13-9A21-C5466FF5D07C}"
EndProject
Project("{FAE04EC0-301F-11D3-BF4B-00C04F79EFBC}") = "PB007.cs", "PB007.cs\PB007.cs.csproj", "{36D230FA-866F-42D0-8B37-88BE72107C92}"
EndProject
Project("{FAE04EC0-301F-11D3-BF4B-00C04F79EFBC}") = "PB008.cs", "PB008.cs\PB008.cs.csproj", "{744FEA2D-A2EF-4AD2-B916-B4401BB390BA}"
EndProject
Project("{FAE04EC0-301F-11D3-BF4B-00C04F79EFBC}") = "GUI", "GUI\GUI.csproj", "{AE031310-84CD-4A2D-9FC7-C3C1D51CC943}"
EndProject
Project("{FAE04EC0-301F-11D3-BF4B-00C04F79EFBC}") = "PB009.cs", "PB009.cs\PB009.cs.csproj", "{4F326B9F-5E0A-4A99-9AF8-6A96AB91742F}"
EndProject
Project("{FAE04EC0-301F-11D3-BF4B-00C04F79EFBC}") = "PB010.cs", "PB010.cs\PB010.cs.csproj", "{F38017E4-E504-47E9-B7FA-826783175676}"
EndProject
Project("{FAE04EC0-301F-11D3-BF4B-00C04F79EFBC}") = "PB012.cs", "PB012.cs\PB012.cs.csproj", "{C3C8943B-6FC9-4F71-B7F5-916E8870F9CB}"
EndProject
Project("{FAE04EC0-301F-11D3-BF4B-00C04F79EFBC}") = "PB013.cs", "PB013.cs\PB013.cs.csproj", "{DD10797F-EA90-4068-87EF-39B1DDED285C}"
EndProject
Project("{FAE04EC0-301F-11D3-BF4B-00C04F79EFBC}") = "PB014.cs", "PB014.cs\PB014.cs.csproj", "{F1A435C9-C36D-4735-BC0A-A1A7AE83FE5B}"
EndProject
Project("{FAE04EC0-301F-11D3-BF4B-00C04F79EFBC}") = "TEST.cs", "TEST.cs\TEST.cs.csproj", "{43CD9DE3-0D93-4B1A-8702-B791214B74F7}"
EndProject
Project("{FAE04EC0-301F-11D3-BF4B-00C04F79EFBC}") = "PB015.cs", "PB015.cs\PB015.cs.csproj", "{1A0230F5-0CEC-431E-81C5-A2D020A80A8D}"
EndProject
Project("{FAE04EC0-301F-11D3-BF4B-00C04F79EFBC}") = "PB011.cs", "PB011.cs\PB011.cs.csproj", "{A0F95126-BAA2-4B65-9902-6545513DE42B}"
EndProject
Project("{FAE04EC0-301F-11D3-BF4B-00C04F79EFBC}") = "PB016.cs", "PB016.cs\PB016.cs.csproj", "{10813E07-FF47-4421-8D54-E41A4D5259E2}"
EndProject
Project("{FAE04EC0-301F-11D3-BF4B-00C04F79EFBC}") = "PB019.cs", "PB019.cs\PB019.cs.csproj", "{61FE84C6-A8A9-4294-AE2E-E2C115940E25}"
EndProject
Project("{FAE04EC0-301F-11D3-BF4B-00C04F79EFBC}") = "PB020.cs", "PB020.cs\PB020.cs.csproj", "{DB1E1231-58F3-43DD-8590-CA926A9F2929}"
EndProject
Project("{F2A71F9B-5D33-465A-A702-920D77279786}") = "PB002.fs", "PB002.fs\PB002.fs.fsproj", "{B43466AC-7787-47F7-AE42-D548D91C57FD}"
EndProject
Project("{F2A71F9B-5D33-465A-A702-920D77279786}") = "PB001.fs", "PB001.fs\PB001.fs.fsproj", "{42991499-98C6-4E96-B7FD-C52BCF0B1F03}"
EndProject
Project("{F2A71F9B-5D33-465A-A702-920D77279786}") = "PB003.fs", "PB003.fs\PB003.fs.fsproj", "{0CD1B2C2-ECB3-495C-BCDB-C78C98234DB4}"
EndProject
Project("{F2A71F9B-5D33-465A-A702-920D77279786}") = "PB004.fs", "PB004.fs\PB004.fs.fsproj", "{E78D583B-B42C-4CDD-ABFA-54BBDEAA616C}"
EndProject
Project("{F2A71F9B-5D33-465A-A702-920D77279786}") = "PB015.fs", "PB015.fs\PB015.fs.fsproj", "{E32D81E9-61B7-4241-B7C7-3887D9DD7A09}"
EndProject
Project("{F2A71F9B-5D33-465A-A702-920D77279786}") = "TEST.fs", "TEST.fs\TEST.fs.fsproj", "{AE79541C-2F9C-486B-A216-E158500BD46E}"
EndProject
Project("{F2A71F9B-5D33-465A-A702-920D77279786}") = "PB006.fs", "PB006.fs\PB006.fs.fsproj", "{8AF9CC73-0AEF-4904-B03F-D3C8E6FB06E0}"
EndProject
Project("{F2A71F9B-5D33-465A-A702-920D77279786}") = "PB007.fs", "PB007.fs\PB007.fs.fsproj", "{EE1B83D7-5FEE-4A17-B06E-BE4422E9C3C4}"
EndProject
Project("{F2A71F9B-5D33-465A-A702-920D77279786}") = "PB008.fs", "PB008.fs\PB008.fs.fsproj", "{230307A0-FF2F-497B-ACA3-B85FD97AF708}"
EndProject
Project("{FAE04EC0-301F-11D3-BF4B-00C04F79EFBC}") = "PB096.cs", "PB096.cs\PB096.cs.csproj", "{48E13352-2D38-4D44-857B-E1097356439F}"
EndProject
Global
	GlobalSection(SolutionConfigurationPlatforms) = preSolution
		Debug|Any CPU = Debug|Any CPU
		Debug|ARM = Debug|ARM
		Debug|x64 = Debug|x64
		Debug|x86 = Debug|x86
		Release|Any CPU = Release|Any CPU
		Release|ARM = Release|ARM
		Release|x64 = Release|x64
		Release|x86 = Release|x86
	EndGlobalSection
	GlobalSection(ProjectConfigurationPlatforms) = postSolution
		{05E818A1-1456-4E48-8908-B1AE9EF46485}.Debug|Any CPU.ActiveCfg = Debug|Any CPU
		{05E818A1-1456-4E48-8908-B1AE9EF46485}.Debug|Any CPU.Build.0 = Debug|Any CPU
		{05E818A1-1456-4E48-8908-B1AE9EF46485}.Debug|ARM.ActiveCfg = Debug|Any CPU
		{05E818A1-1456-4E48-8908-B1AE9EF46485}.Debug|ARM.Build.0 = Debug|Any CPU
		{05E818A1-1456-4E48-8908-B1AE9EF46485}.Debug|x64.ActiveCfg = Debug|Any CPU
		{05E818A1-1456-4E48-8908-B1AE9EF46485}.Debug|x64.Build.0 = Debug|Any CPU
		{05E818A1-1456-4E48-8908-B1AE9EF46485}.Debug|x86.ActiveCfg = Debug|Any CPU
		{05E818A1-1456-4E48-8908-B1AE9EF46485}.Debug|x86.Build.0 = Debug|Any CPU
		{05E818A1-1456-4E48-8908-B1AE9EF46485}.Release|Any CPU.ActiveCfg = Release|Any CPU
		{05E818A1-1456-4E48-8908-B1AE9EF46485}.Release|Any CPU.Build.0 = Release|Any CPU
		{05E818A1-1456-4E48-8908-B1AE9EF46485}.Release|ARM.ActiveCfg = Release|Any CPU
		{05E818A1-1456-4E48-8908-B1AE9EF46485}.Release|ARM.Build.0 = Release|Any CPU
		{05E818A1-1456-4E48-8908-B1AE9EF46485}.Release|x64.ActiveCfg = Release|Any CPU
		{05E818A1-1456-4E48-8908-B1AE9EF46485}.Release|x64.Build.0 = Release|Any CPU
		{05E818A1-1456-4E48-8908-B1AE9EF46485}.Release|x86.ActiveCfg = Release|Any CPU
		{05E818A1-1456-4E48-8908-B1AE9EF46485}.Release|x86.Build.0 = Release|Any CPU
		{A1FF9E64-C488-499D-9251-B7A8BC513946}.Debug|Any CPU.ActiveCfg = Debug|Any CPU
		{A1FF9E64-C488-499D-9251-B7A8BC513946}.Debug|Any CPU.Build.0 = Debug|Any CPU
		{A1FF9E64-C488-499D-9251-B7A8BC513946}.Debug|ARM.ActiveCfg = Debug|Any CPU
		{A1FF9E64-C488-499D-9251-B7A8BC513946}.Debug|ARM.Build.0 = Debug|Any CPU
		{A1FF9E64-C488-499D-9251-B7A8BC513946}.Debug|x64.ActiveCfg = Debug|Any CPU
		{A1FF9E64-C488-499D-9251-B7A8BC513946}.Debug|x64.Build.0 = Debug|Any CPU
		{A1FF9E64-C488-499D-9251-B7A8BC513946}.Debug|x86.ActiveCfg = Debug|Any CPU
		{A1FF9E64-C488-499D-9251-B7A8BC513946}.Debug|x86.Build.0 = Debug|Any CPU
		{A1FF9E64-C488-499D-9251-B7A8BC513946}.Release|Any CPU.ActiveCfg = Release|Any CPU
		{A1FF9E64-C488-499D-9251-B7A8BC513946}.Release|Any CPU.Build.0 = Release|Any CPU
		{A1FF9E64-C488-499D-9251-B7A8BC513946}.Release|ARM.ActiveCfg = Release|Any CPU
		{A1FF9E64-C488-499D-9251-B7A8BC513946}.Release|ARM.Build.0 = Release|Any CPU
		{A1FF9E64-C488-499D-9251-B7A8BC513946}.Release|x64.ActiveCfg = Release|Any CPU
		{A1FF9E64-C488-499D-9251-B7A8BC513946}.Release|x64.Build.0 = Release|Any CPU
		{A1FF9E64-C488-499D-9251-B7A8BC513946}.Release|x86.ActiveCfg = Release|Any CPU
		{A1FF9E64-C488-499D-9251-B7A8BC513946}.Release|x86.Build.0 = Release|Any CPU
		{9DEE8AB0-D469-4FA9-8D08-B9BA99A88516}.Debug|Any CPU.ActiveCfg = Debug|Any CPU
		{9DEE8AB0-D469-4FA9-8D08-B9BA99A88516}.Debug|Any CPU.Build.0 = Debug|Any CPU
		{9DEE8AB0-D469-4FA9-8D08-B9BA99A88516}.Debug|ARM.ActiveCfg = Debug|Any CPU
		{9DEE8AB0-D469-4FA9-8D08-B9BA99A88516}.Debug|ARM.Build.0 = Debug|Any CPU
		{9DEE8AB0-D469-4FA9-8D08-B9BA99A88516}.Debug|x64.ActiveCfg = Debug|Any CPU
		{9DEE8AB0-D469-4FA9-8D08-B9BA99A88516}.Debug|x64.Build.0 = Debug|Any CPU
		{9DEE8AB0-D469-4FA9-8D08-B9BA99A88516}.Debug|x86.ActiveCfg = Debug|Any CPU
		{9DEE8AB0-D469-4FA9-8D08-B9BA99A88516}.Debug|x86.Build.0 = Debug|Any CPU
		{9DEE8AB0-D469-4FA9-8D08-B9BA99A88516}.Release|Any CPU.ActiveCfg = Release|Any CPU
		{9DEE8AB0-D469-4FA9-8D08-B9BA99A88516}.Release|Any CPU.Build.0 = Release|Any CPU
		{9DEE8AB0-D469-4FA9-8D08-B9BA99A88516}.Release|ARM.ActiveCfg = Release|Any CPU
		{9DEE8AB0-D469-4FA9-8D08-B9BA99A88516}.Release|ARM.Build.0 = Release|Any CPU
		{9DEE8AB0-D469-4FA9-8D08-B9BA99A88516}.Release|x64.ActiveCfg = Release|Any CPU
		{9DEE8AB0-D469-4FA9-8D08-B9BA99A88516}.Release|x64.Build.0 = Release|Any CPU
		{9DEE8AB0-D469-4FA9-8D08-B9BA99A88516}.Release|x86.ActiveCfg = Release|Any CPU
		{9DEE8AB0-D469-4FA9-8D08-B9BA99A88516}.Release|x86.Build.0 = Release|Any CPU
		{16049329-E55C-41A5-ADB6-FB3501F15B41}.Debug|Any CPU.ActiveCfg = Debug|Any CPU
		{16049329-E55C-41A5-ADB6-FB3501F15B41}.Debug|Any CPU.Build.0 = Debug|Any CPU
		{16049329-E55C-41A5-ADB6-FB3501F15B41}.Debug|ARM.ActiveCfg = Debug|Any CPU
		{16049329-E55C-41A5-ADB6-FB3501F15B41}.Debug|ARM.Build.0 = Debug|Any CPU
		{16049329-E55C-41A5-ADB6-FB3501F15B41}.Debug|x64.ActiveCfg = Debug|Any CPU
		{16049329-E55C-41A5-ADB6-FB3501F15B41}.Debug|x64.Build.0 = Debug|Any CPU
		{16049329-E55C-41A5-ADB6-FB3501F15B41}.Debug|x86.ActiveCfg = Debug|Any CPU
		{16049329-E55C-41A5-ADB6-FB3501F15B41}.Debug|x86.Build.0 = Debug|Any CPU
		{16049329-E55C-41A5-ADB6-FB3501F15B41}.Release|Any CPU.ActiveCfg = Release|Any CPU
		{16049329-E55C-41A5-ADB6-FB3501F15B41}.Release|Any CPU.Build.0 = Release|Any CPU
		{16049329-E55C-41A5-ADB6-FB3501F15B41}.Release|ARM.ActiveCfg = Release|Any CPU
		{16049329-E55C-41A5-ADB6-FB3501F15B41}.Release|ARM.Build.0 = Release|Any CPU
		{16049329-E55C-41A5-ADB6-FB3501F15B41}.Release|x64.ActiveCfg = Release|Any CPU
		{16049329-E55C-41A5-ADB6-FB3501F15B41}.Release|x64.Build.0 = Release|Any CPU
		{16049329-E55C-41A5-ADB6-FB3501F15B41}.Release|x86.ActiveCfg = Release|Any CPU
		{16049329-E55C-41A5-ADB6-FB3501F15B41}.Release|x86.Build.0 = Release|Any CPU
		{99726FE1-8DF5-4E36-A0BC-84AD4B51B36A}.Debug|Any CPU.ActiveCfg = Debug|Any CPU
		{99726FE1-8DF5-4E36-A0BC-84AD4B51B36A}.Debug|Any CPU.Build.0 = Debug|Any CPU
		{99726FE1-8DF5-4E36-A0BC-84AD4B51B36A}.Debug|ARM.ActiveCfg = Debug|Any CPU
		{99726FE1-8DF5-4E36-A0BC-84AD4B51B36A}.Debug|ARM.Build.0 = Debug|Any CPU
		{99726FE1-8DF5-4E36-A0BC-84AD4B51B36A}.Debug|x64.ActiveCfg = Debug|Any CPU
		{99726FE1-8DF5-4E36-A0BC-84AD4B51B36A}.Debug|x64.Build.0 = Debug|Any CPU
		{99726FE1-8DF5-4E36-A0BC-84AD4B51B36A}.Debug|x86.ActiveCfg = Debug|Any CPU
		{99726FE1-8DF5-4E36-A0BC-84AD4B51B36A}.Debug|x86.Build.0 = Debug|Any CPU
		{99726FE1-8DF5-4E36-A0BC-84AD4B51B36A}.Release|Any CPU.ActiveCfg = Release|Any CPU
		{99726FE1-8DF5-4E36-A0BC-84AD4B51B36A}.Release|Any CPU.Build.0 = Release|Any CPU
		{99726FE1-8DF5-4E36-A0BC-84AD4B51B36A}.Release|ARM.ActiveCfg = Release|Any CPU
		{99726FE1-8DF5-4E36-A0BC-84AD4B51B36A}.Release|ARM.Build.0 = Release|Any CPU
		{99726FE1-8DF5-4E36-A0BC-84AD4B51B36A}.Release|x64.ActiveCfg = Release|Any CPU
		{99726FE1-8DF5-4E36-A0BC-84AD4B51B36A}.Release|x64.Build.0 = Release|Any CPU
		{99726FE1-8DF5-4E36-A0BC-84AD4B51B36A}.Release|x86.ActiveCfg = Release|Any CPU
		{99726FE1-8DF5-4E36-A0BC-84AD4B51B36A}.Release|x86.Build.0 = Release|Any CPU
		{75DB905C-6D93-4490-8BA7-6F9CCD6FB29C}.Debug|Any CPU.ActiveCfg = Debug|Any CPU
		{75DB905C-6D93-4490-8BA7-6F9CCD6FB29C}.Debug|Any CPU.Build.0 = Debug|Any CPU
		{75DB905C-6D93-4490-8BA7-6F9CCD6FB29C}.Debug|ARM.ActiveCfg = Debug|Any CPU
		{75DB905C-6D93-4490-8BA7-6F9CCD6FB29C}.Debug|ARM.Build.0 = Debug|Any CPU
		{75DB905C-6D93-4490-8BA7-6F9CCD6FB29C}.Debug|x64.ActiveCfg = Debug|Any CPU
		{75DB905C-6D93-4490-8BA7-6F9CCD6FB29C}.Debug|x64.Build.0 = Debug|Any CPU
		{75DB905C-6D93-4490-8BA7-6F9CCD6FB29C}.Debug|x86.ActiveCfg = Debug|Any CPU
		{75DB905C-6D93-4490-8BA7-6F9CCD6FB29C}.Debug|x86.Build.0 = Debug|Any CPU
		{75DB905C-6D93-4490-8BA7-6F9CCD6FB29C}.Release|Any CPU.ActiveCfg = Release|Any CPU
		{75DB905C-6D93-4490-8BA7-6F9CCD6FB29C}.Release|Any CPU.Build.0 = Release|Any CPU
		{75DB905C-6D93-4490-8BA7-6F9CCD6FB29C}.Release|ARM.ActiveCfg = Release|Any CPU
		{75DB905C-6D93-4490-8BA7-6F9CCD6FB29C}.Release|ARM.Build.0 = Release|Any CPU
		{75DB905C-6D93-4490-8BA7-6F9CCD6FB29C}.Release|x64.ActiveCfg = Release|Any CPU
		{75DB905C-6D93-4490-8BA7-6F9CCD6FB29C}.Release|x64.Build.0 = Release|Any CPU
		{75DB905C-6D93-4490-8BA7-6F9CCD6FB29C}.Release|x86.ActiveCfg = Release|Any CPU
		{75DB905C-6D93-4490-8BA7-6F9CCD6FB29C}.Release|x86.Build.0 = Release|Any CPU
		{1F419CF7-F086-481F-8F2C-3541AC53A80D}.Debug|Any CPU.ActiveCfg = Debug|Any CPU
		{1F419CF7-F086-481F-8F2C-3541AC53A80D}.Debug|Any CPU.Build.0 = Debug|Any CPU
		{1F419CF7-F086-481F-8F2C-3541AC53A80D}.Debug|ARM.ActiveCfg = Debug|Any CPU
		{1F419CF7-F086-481F-8F2C-3541AC53A80D}.Debug|ARM.Build.0 = Debug|Any CPU
		{1F419CF7-F086-481F-8F2C-3541AC53A80D}.Debug|x64.ActiveCfg = Debug|Any CPU
		{1F419CF7-F086-481F-8F2C-3541AC53A80D}.Debug|x64.Build.0 = Debug|Any CPU
		{1F419CF7-F086-481F-8F2C-3541AC53A80D}.Debug|x86.ActiveCfg = Debug|Any CPU
		{1F419CF7-F086-481F-8F2C-3541AC53A80D}.Debug|x86.Build.0 = Debug|Any CPU
		{1F419CF7-F086-481F-8F2C-3541AC53A80D}.Release|Any CPU.ActiveCfg = Release|Any CPU
		{1F419CF7-F086-481F-8F2C-3541AC53A80D}.Release|Any CPU.Build.0 = Release|Any CPU
		{1F419CF7-F086-481F-8F2C-3541AC53A80D}.Release|ARM.ActiveCfg = Release|Any CPU
		{1F419CF7-F086-481F-8F2C-3541AC53A80D}.Release|ARM.Build.0 = Release|Any CPU
		{1F419CF7-F086-481F-8F2C-3541AC53A80D}.Release|x64.ActiveCfg = Release|Any CPU
		{1F419CF7-F086-481F-8F2C-3541AC53A80D}.Release|x64.Build.0 = Release|Any CPU
		{1F419CF7-F086-481F-8F2C-3541AC53A80D}.Release|x86.ActiveCfg = Release|Any CPU
		{1F419CF7-F086-481F-8F2C-3541AC53A80D}.Release|x86.Build.0 = Release|Any CPU
		{3117E2D0-2001-4A3E-91C4-32819B041C48}.Debug|Any CPU.ActiveCfg = Debug|Any CPU
		{3117E2D0-2001-4A3E-91C4-32819B041C48}.Debug|Any CPU.Build.0 = Debug|Any CPU
		{3117E2D0-2001-4A3E-91C4-32819B041C48}.Debug|ARM.ActiveCfg = Debug|Any CPU
		{3117E2D0-2001-4A3E-91C4-32819B041C48}.Debug|ARM.Build.0 = Debug|Any CPU
		{3117E2D0-2001-4A3E-91C4-32819B041C48}.Debug|x64.ActiveCfg = Debug|Any CPU
		{3117E2D0-2001-4A3E-91C4-32819B041C48}.Debug|x64.Build.0 = Debug|Any CPU
		{3117E2D0-2001-4A3E-91C4-32819B041C48}.Debug|x86.ActiveCfg = Debug|Any CPU
		{3117E2D0-2001-4A3E-91C4-32819B041C48}.Debug|x86.Build.0 = Debug|Any CPU
		{3117E2D0-2001-4A3E-91C4-32819B041C48}.Release|Any CPU.ActiveCfg = Release|Any CPU
		{3117E2D0-2001-4A3E-91C4-32819B041C48}.Release|Any CPU.Build.0 = Release|Any CPU
		{3117E2D0-2001-4A3E-91C4-32819B041C48}.Release|ARM.ActiveCfg = Release|Any CPU
		{3117E2D0-2001-4A3E-91C4-32819B041C48}.Release|ARM.Build.0 = Release|Any CPU
		{3117E2D0-2001-4A3E-91C4-32819B041C48}.Release|x64.ActiveCfg = Release|Any CPU
		{3117E2D0-2001-4A3E-91C4-32819B041C48}.Release|x64.Build.0 = Release|Any CPU
		{3117E2D0-2001-4A3E-91C4-32819B041C48}.Release|x86.ActiveCfg = Release|Any CPU
		{3117E2D0-2001-4A3E-91C4-32819B041C48}.Release|x86.Build.0 = Release|Any CPU
		{46940867-99A6-47FC-9928-6DF9DFE67CEE}.Debug|Any CPU.ActiveCfg = Debug|Any CPU
		{46940867-99A6-47FC-9928-6DF9DFE67CEE}.Debug|Any CPU.Build.0 = Debug|Any CPU
		{46940867-99A6-47FC-9928-6DF9DFE67CEE}.Debug|ARM.ActiveCfg = Debug|Any CPU
		{46940867-99A6-47FC-9928-6DF9DFE67CEE}.Debug|ARM.Build.0 = Debug|Any CPU
		{46940867-99A6-47FC-9928-6DF9DFE67CEE}.Debug|x64.ActiveCfg = Debug|Any CPU
		{46940867-99A6-47FC-9928-6DF9DFE67CEE}.Debug|x64.Build.0 = Debug|Any CPU
		{46940867-99A6-47FC-9928-6DF9DFE67CEE}.Debug|x86.ActiveCfg = Debug|Any CPU
		{46940867-99A6-47FC-9928-6DF9DFE67CEE}.Debug|x86.Build.0 = Debug|Any CPU
		{46940867-99A6-47FC-9928-6DF9DFE67CEE}.Release|Any CPU.ActiveCfg = Release|Any CPU
		{46940867-99A6-47FC-9928-6DF9DFE67CEE}.Release|Any CPU.Build.0 = Release|Any CPU
		{46940867-99A6-47FC-9928-6DF9DFE67CEE}.Release|ARM.ActiveCfg = Release|Any CPU
		{46940867-99A6-47FC-9928-6DF9DFE67CEE}.Release|ARM.Build.0 = Release|Any CPU
		{46940867-99A6-47FC-9928-6DF9DFE67CEE}.Release|x64.ActiveCfg = Release|Any CPU
		{46940867-99A6-47FC-9928-6DF9DFE67CEE}.Release|x64.Build.0 = Release|Any CPU
		{46940867-99A6-47FC-9928-6DF9DFE67CEE}.Release|x86.ActiveCfg = Release|Any CPU
		{46940867-99A6-47FC-9928-6DF9DFE67CEE}.Release|x86.Build.0 = Release|Any CPU
		{8FD6165C-5C4F-4E13-9A21-C5466FF5D07C}.Debug|Any CPU.ActiveCfg = Debug|Any CPU
		{8FD6165C-5C4F-4E13-9A21-C5466FF5D07C}.Debug|Any CPU.Build.0 = Debug|Any CPU
		{8FD6165C-5C4F-4E13-9A21-C5466FF5D07C}.Debug|ARM.ActiveCfg = Debug|Any CPU
		{8FD6165C-5C4F-4E13-9A21-C5466FF5D07C}.Debug|ARM.Build.0 = Debug|Any CPU
		{8FD6165C-5C4F-4E13-9A21-C5466FF5D07C}.Debug|x64.ActiveCfg = Debug|Any CPU
		{8FD6165C-5C4F-4E13-9A21-C5466FF5D07C}.Debug|x64.Build.0 = Debug|Any CPU
		{8FD6165C-5C4F-4E13-9A21-C5466FF5D07C}.Debug|x86.ActiveCfg = Debug|Any CPU
		{8FD6165C-5C4F-4E13-9A21-C5466FF5D07C}.Debug|x86.Build.0 = Debug|Any CPU
		{8FD6165C-5C4F-4E13-9A21-C5466FF5D07C}.Release|Any CPU.ActiveCfg = Release|Any CPU
		{8FD6165C-5C4F-4E13-9A21-C5466FF5D07C}.Release|Any CPU.Build.0 = Release|Any CPU
		{8FD6165C-5C4F-4E13-9A21-C5466FF5D07C}.Release|ARM.ActiveCfg = Release|Any CPU
		{8FD6165C-5C4F-4E13-9A21-C5466FF5D07C}.Release|ARM.Build.0 = Release|Any CPU
		{8FD6165C-5C4F-4E13-9A21-C5466FF5D07C}.Release|x64.ActiveCfg = Release|Any CPU
		{8FD6165C-5C4F-4E13-9A21-C5466FF5D07C}.Release|x64.Build.0 = Release|Any CPU
		{8FD6165C-5C4F-4E13-9A21-C5466FF5D07C}.Release|x86.ActiveCfg = Release|Any CPU
		{8FD6165C-5C4F-4E13-9A21-C5466FF5D07C}.Release|x86.Build.0 = Release|Any CPU
		{36D230FA-866F-42D0-8B37-88BE72107C92}.Debug|Any CPU.ActiveCfg = Debug|Any CPU
		{36D230FA-866F-42D0-8B37-88BE72107C92}.Debug|Any CPU.Build.0 = Debug|Any CPU
		{36D230FA-866F-42D0-8B37-88BE72107C92}.Debug|ARM.ActiveCfg = Debug|Any CPU
		{36D230FA-866F-42D0-8B37-88BE72107C92}.Debug|ARM.Build.0 = Debug|Any CPU
		{36D230FA-866F-42D0-8B37-88BE72107C92}.Debug|x64.ActiveCfg = Debug|Any CPU
		{36D230FA-866F-42D0-8B37-88BE72107C92}.Debug|x64.Build.0 = Debug|Any CPU
		{36D230FA-866F-42D0-8B37-88BE72107C92}.Debug|x86.ActiveCfg = Debug|Any CPU
		{36D230FA-866F-42D0-8B37-88BE72107C92}.Debug|x86.Build.0 = Debug|Any CPU
		{36D230FA-866F-42D0-8B37-88BE72107C92}.Release|Any CPU.ActiveCfg = Release|Any CPU
		{36D230FA-866F-42D0-8B37-88BE72107C92}.Release|Any CPU.Build.0 = Release|Any CPU
		{36D230FA-866F-42D0-8B37-88BE72107C92}.Release|ARM.ActiveCfg = Release|Any CPU
		{36D230FA-866F-42D0-8B37-88BE72107C92}.Release|ARM.Build.0 = Release|Any CPU
		{36D230FA-866F-42D0-8B37-88BE72107C92}.Release|x64.ActiveCfg = Release|Any CPU
		{36D230FA-866F-42D0-8B37-88BE72107C92}.Release|x64.Build.0 = Release|Any CPU
		{36D230FA-866F-42D0-8B37-88BE72107C92}.Release|x86.ActiveCfg = Release|Any CPU
		{36D230FA-866F-42D0-8B37-88BE72107C92}.Release|x86.Build.0 = Release|Any CPU
		{744FEA2D-A2EF-4AD2-B916-B4401BB390BA}.Debug|Any CPU.ActiveCfg = Debug|Any CPU
		{744FEA2D-A2EF-4AD2-B916-B4401BB390BA}.Debug|Any CPU.Build.0 = Debug|Any CPU
		{744FEA2D-A2EF-4AD2-B916-B4401BB390BA}.Debug|ARM.ActiveCfg = Debug|Any CPU
		{744FEA2D-A2EF-4AD2-B916-B4401BB390BA}.Debug|ARM.Build.0 = Debug|Any CPU
		{744FEA2D-A2EF-4AD2-B916-B4401BB390BA}.Debug|x64.ActiveCfg = Debug|Any CPU
		{744FEA2D-A2EF-4AD2-B916-B4401BB390BA}.Debug|x64.Build.0 = Debug|Any CPU
		{744FEA2D-A2EF-4AD2-B916-B4401BB390BA}.Debug|x86.ActiveCfg = Debug|Any CPU
		{744FEA2D-A2EF-4AD2-B916-B4401BB390BA}.Debug|x86.Build.0 = Debug|Any CPU
		{744FEA2D-A2EF-4AD2-B916-B4401BB390BA}.Release|Any CPU.ActiveCfg = Release|Any CPU
		{744FEA2D-A2EF-4AD2-B916-B4401BB390BA}.Release|Any CPU.Build.0 = Release|Any CPU
		{744FEA2D-A2EF-4AD2-B916-B4401BB390BA}.Release|ARM.ActiveCfg = Release|Any CPU
		{744FEA2D-A2EF-4AD2-B916-B4401BB390BA}.Release|ARM.Build.0 = Release|Any CPU
		{744FEA2D-A2EF-4AD2-B916-B4401BB390BA}.Release|x64.ActiveCfg = Release|Any CPU
		{744FEA2D-A2EF-4AD2-B916-B4401BB390BA}.Release|x64.Build.0 = Release|Any CPU
		{744FEA2D-A2EF-4AD2-B916-B4401BB390BA}.Release|x86.ActiveCfg = Release|Any CPU
		{744FEA2D-A2EF-4AD2-B916-B4401BB390BA}.Release|x86.Build.0 = Release|Any CPU
		{AE031310-84CD-4A2D-9FC7-C3C1D51CC943}.Debug|Any CPU.ActiveCfg = Debug|Any CPU
		{AE031310-84CD-4A2D-9FC7-C3C1D51CC943}.Debug|Any CPU.Build.0 = Debug|Any CPU
		{AE031310-84CD-4A2D-9FC7-C3C1D51CC943}.Debug|ARM.ActiveCfg = Debug|Any CPU
		{AE031310-84CD-4A2D-9FC7-C3C1D51CC943}.Debug|ARM.Build.0 = Debug|Any CPU
		{AE031310-84CD-4A2D-9FC7-C3C1D51CC943}.Debug|x64.ActiveCfg = Debug|Any CPU
		{AE031310-84CD-4A2D-9FC7-C3C1D51CC943}.Debug|x64.Build.0 = Debug|Any CPU
		{AE031310-84CD-4A2D-9FC7-C3C1D51CC943}.Debug|x86.ActiveCfg = Debug|Any CPU
		{AE031310-84CD-4A2D-9FC7-C3C1D51CC943}.Debug|x86.Build.0 = Debug|Any CPU
		{AE031310-84CD-4A2D-9FC7-C3C1D51CC943}.Release|Any CPU.ActiveCfg = Release|Any CPU
		{AE031310-84CD-4A2D-9FC7-C3C1D51CC943}.Release|Any CPU.Build.0 = Release|Any CPU
		{AE031310-84CD-4A2D-9FC7-C3C1D51CC943}.Release|ARM.ActiveCfg = Release|Any CPU
		{AE031310-84CD-4A2D-9FC7-C3C1D51CC943}.Release|ARM.Build.0 = Release|Any CPU
		{AE031310-84CD-4A2D-9FC7-C3C1D51CC943}.Release|x64.ActiveCfg = Release|Any CPU
		{AE031310-84CD-4A2D-9FC7-C3C1D51CC943}.Release|x64.Build.0 = Release|Any CPU
		{AE031310-84CD-4A2D-9FC7-C3C1D51CC943}.Release|x86.ActiveCfg = Release|Any CPU
		{AE031310-84CD-4A2D-9FC7-C3C1D51CC943}.Release|x86.Build.0 = Release|Any CPU
		{4F326B9F-5E0A-4A99-9AF8-6A96AB91742F}.Debug|Any CPU.ActiveCfg = Debug|Any CPU
		{4F326B9F-5E0A-4A99-9AF8-6A96AB91742F}.Debug|Any CPU.Build.0 = Debug|Any CPU
		{4F326B9F-5E0A-4A99-9AF8-6A96AB91742F}.Debug|ARM.ActiveCfg = Debug|Any CPU
		{4F326B9F-5E0A-4A99-9AF8-6A96AB91742F}.Debug|ARM.Build.0 = Debug|Any CPU
		{4F326B9F-5E0A-4A99-9AF8-6A96AB91742F}.Debug|x64.ActiveCfg = Debug|Any CPU
		{4F326B9F-5E0A-4A99-9AF8-6A96AB91742F}.Debug|x64.Build.0 = Debug|Any CPU
		{4F326B9F-5E0A-4A99-9AF8-6A96AB91742F}.Debug|x86.ActiveCfg = Debug|Any CPU
		{4F326B9F-5E0A-4A99-9AF8-6A96AB91742F}.Debug|x86.Build.0 = Debug|Any CPU
		{4F326B9F-5E0A-4A99-9AF8-6A96AB91742F}.Release|Any CPU.ActiveCfg = Release|Any CPU
		{4F326B9F-5E0A-4A99-9AF8-6A96AB91742F}.Release|Any CPU.Build.0 = Release|Any CPU
		{4F326B9F-5E0A-4A99-9AF8-6A96AB91742F}.Release|ARM.ActiveCfg = Release|Any CPU
		{4F326B9F-5E0A-4A99-9AF8-6A96AB91742F}.Release|ARM.Build.0 = Release|Any CPU
		{4F326B9F-5E0A-4A99-9AF8-6A96AB91742F}.Release|x64.ActiveCfg = Release|Any CPU
		{4F326B9F-5E0A-4A99-9AF8-6A96AB91742F}.Release|x64.Build.0 = Release|Any CPU
		{4F326B9F-5E0A-4A99-9AF8-6A96AB91742F}.Release|x86.ActiveCfg = Release|Any CPU
		{4F326B9F-5E0A-4A99-9AF8-6A96AB91742F}.Release|x86.Build.0 = Release|Any CPU
		{F38017E4-E504-47E9-B7FA-826783175676}.Debug|Any CPU.ActiveCfg = Debug|Any CPU
		{F38017E4-E504-47E9-B7FA-826783175676}.Debug|Any CPU.Build.0 = Debug|Any CPU
		{F38017E4-E504-47E9-B7FA-826783175676}.Debug|ARM.ActiveCfg = Debug|Any CPU
		{F38017E4-E504-47E9-B7FA-826783175676}.Debug|ARM.Build.0 = Debug|Any CPU
		{F38017E4-E504-47E9-B7FA-826783175676}.Debug|x64.ActiveCfg = Debug|Any CPU
		{F38017E4-E504-47E9-B7FA-826783175676}.Debug|x64.Build.0 = Debug|Any CPU
		{F38017E4-E504-47E9-B7FA-826783175676}.Debug|x86.ActiveCfg = Debug|Any CPU
		{F38017E4-E504-47E9-B7FA-826783175676}.Debug|x86.Build.0 = Debug|Any CPU
		{F38017E4-E504-47E9-B7FA-826783175676}.Release|Any CPU.ActiveCfg = Release|Any CPU
		{F38017E4-E504-47E9-B7FA-826783175676}.Release|Any CPU.Build.0 = Release|Any CPU
		{F38017E4-E504-47E9-B7FA-826783175676}.Release|ARM.ActiveCfg = Release|Any CPU
		{F38017E4-E504-47E9-B7FA-826783175676}.Release|ARM.Build.0 = Release|Any CPU
		{F38017E4-E504-47E9-B7FA-826783175676}.Release|x64.ActiveCfg = Release|Any CPU
		{F38017E4-E504-47E9-B7FA-826783175676}.Release|x64.Build.0 = Release|Any CPU
		{F38017E4-E504-47E9-B7FA-826783175676}.Release|x86.ActiveCfg = Release|Any CPU
		{F38017E4-E504-47E9-B7FA-826783175676}.Release|x86.Build.0 = Release|Any CPU
		{C3C8943B-6FC9-4F71-B7F5-916E8870F9CB}.Debug|Any CPU.ActiveCfg = Debug|Any CPU
		{C3C8943B-6FC9-4F71-B7F5-916E8870F9CB}.Debug|Any CPU.Build.0 = Debug|Any CPU
		{C3C8943B-6FC9-4F71-B7F5-916E8870F9CB}.Debug|ARM.ActiveCfg = Debug|Any CPU
		{C3C8943B-6FC9-4F71-B7F5-916E8870F9CB}.Debug|ARM.Build.0 = Debug|Any CPU
		{C3C8943B-6FC9-4F71-B7F5-916E8870F9CB}.Debug|x64.ActiveCfg = Debug|Any CPU
		{C3C8943B-6FC9-4F71-B7F5-916E8870F9CB}.Debug|x64.Build.0 = Debug|Any CPU
		{C3C8943B-6FC9-4F71-B7F5-916E8870F9CB}.Debug|x86.ActiveCfg = Debug|Any CPU
		{C3C8943B-6FC9-4F71-B7F5-916E8870F9CB}.Debug|x86.Build.0 = Debug|Any CPU
		{C3C8943B-6FC9-4F71-B7F5-916E8870F9CB}.Release|Any CPU.ActiveCfg = Release|Any CPU
		{C3C8943B-6FC9-4F71-B7F5-916E8870F9CB}.Release|Any CPU.Build.0 = Release|Any CPU
		{C3C8943B-6FC9-4F71-B7F5-916E8870F9CB}.Release|ARM.ActiveCfg = Release|Any CPU
		{C3C8943B-6FC9-4F71-B7F5-916E8870F9CB}.Release|ARM.Build.0 = Release|Any CPU
		{C3C8943B-6FC9-4F71-B7F5-916E8870F9CB}.Release|x64.ActiveCfg = Release|Any CPU
		{C3C8943B-6FC9-4F71-B7F5-916E8870F9CB}.Release|x64.Build.0 = Release|Any CPU
		{C3C8943B-6FC9-4F71-B7F5-916E8870F9CB}.Release|x86.ActiveCfg = Release|Any CPU
		{C3C8943B-6FC9-4F71-B7F5-916E8870F9CB}.Release|x86.Build.0 = Release|Any CPU
		{DD10797F-EA90-4068-87EF-39B1DDED285C}.Debug|Any CPU.ActiveCfg = Debug|Any CPU
		{DD10797F-EA90-4068-87EF-39B1DDED285C}.Debug|Any CPU.Build.0 = Debug|Any CPU
		{DD10797F-EA90-4068-87EF-39B1DDED285C}.Debug|ARM.ActiveCfg = Debug|Any CPU
		{DD10797F-EA90-4068-87EF-39B1DDED285C}.Debug|ARM.Build.0 = Debug|Any CPU
		{DD10797F-EA90-4068-87EF-39B1DDED285C}.Debug|x64.ActiveCfg = Debug|Any CPU
		{DD10797F-EA90-4068-87EF-39B1DDED285C}.Debug|x64.Build.0 = Debug|Any CPU
		{DD10797F-EA90-4068-87EF-39B1DDED285C}.Debug|x86.ActiveCfg = Debug|Any CPU
		{DD10797F-EA90-4068-87EF-39B1DDED285C}.Debug|x86.Build.0 = Debug|Any CPU
		{DD10797F-EA90-4068-87EF-39B1DDED285C}.Release|Any CPU.ActiveCfg = Release|Any CPU
		{DD10797F-EA90-4068-87EF-39B1DDED285C}.Release|Any CPU.Build.0 = Release|Any CPU
		{DD10797F-EA90-4068-87EF-39B1DDED285C}.Release|ARM.ActiveCfg = Release|Any CPU
		{DD10797F-EA90-4068-87EF-39B1DDED285C}.Release|ARM.Build.0 = Release|Any CPU
		{DD10797F-EA90-4068-87EF-39B1DDED285C}.Release|x64.ActiveCfg = Release|Any CPU
		{DD10797F-EA90-4068-87EF-39B1DDED285C}.Release|x64.Build.0 = Release|Any CPU
		{DD10797F-EA90-4068-87EF-39B1DDED285C}.Release|x86.ActiveCfg = Release|Any CPU
		{DD10797F-EA90-4068-87EF-39B1DDED285C}.Release|x86.Build.0 = Release|Any CPU
		{F1A435C9-C36D-4735-BC0A-A1A7AE83FE5B}.Debug|Any CPU.ActiveCfg = Debug|Any CPU
		{F1A435C9-C36D-4735-BC0A-A1A7AE83FE5B}.Debug|Any CPU.Build.0 = Debug|Any CPU
		{F1A435C9-C36D-4735-BC0A-A1A7AE83FE5B}.Debug|ARM.ActiveCfg = Debug|Any CPU
		{F1A435C9-C36D-4735-BC0A-A1A7AE83FE5B}.Debug|ARM.Build.0 = Debug|Any CPU
		{F1A435C9-C36D-4735-BC0A-A1A7AE83FE5B}.Debug|x64.ActiveCfg = Debug|Any CPU
		{F1A435C9-C36D-4735-BC0A-A1A7AE83FE5B}.Debug|x64.Build.0 = Debug|Any CPU
		{F1A435C9-C36D-4735-BC0A-A1A7AE83FE5B}.Debug|x86.ActiveCfg = Debug|Any CPU
		{F1A435C9-C36D-4735-BC0A-A1A7AE83FE5B}.Debug|x86.Build.0 = Debug|Any CPU
		{F1A435C9-C36D-4735-BC0A-A1A7AE83FE5B}.Release|Any CPU.ActiveCfg = Release|Any CPU
		{F1A435C9-C36D-4735-BC0A-A1A7AE83FE5B}.Release|Any CPU.Build.0 = Release|Any CPU
		{F1A435C9-C36D-4735-BC0A-A1A7AE83FE5B}.Release|ARM.ActiveCfg = Release|Any CPU
		{F1A435C9-C36D-4735-BC0A-A1A7AE83FE5B}.Release|ARM.Build.0 = Release|Any CPU
		{F1A435C9-C36D-4735-BC0A-A1A7AE83FE5B}.Release|x64.ActiveCfg = Release|Any CPU
		{F1A435C9-C36D-4735-BC0A-A1A7AE83FE5B}.Release|x64.Build.0 = Release|Any CPU
		{F1A435C9-C36D-4735-BC0A-A1A7AE83FE5B}.Release|x86.ActiveCfg = Release|Any CPU
		{F1A435C9-C36D-4735-BC0A-A1A7AE83FE5B}.Release|x86.Build.0 = Release|Any CPU
		{43CD9DE3-0D93-4B1A-8702-B791214B74F7}.Debug|Any CPU.ActiveCfg = Debug|Any CPU
		{43CD9DE3-0D93-4B1A-8702-B791214B74F7}.Debug|Any CPU.Build.0 = Debug|Any CPU
		{43CD9DE3-0D93-4B1A-8702-B791214B74F7}.Debug|ARM.ActiveCfg = Debug|Any CPU
		{43CD9DE3-0D93-4B1A-8702-B791214B74F7}.Debug|ARM.Build.0 = Debug|Any CPU
		{43CD9DE3-0D93-4B1A-8702-B791214B74F7}.Debug|x64.ActiveCfg = Debug|Any CPU
		{43CD9DE3-0D93-4B1A-8702-B791214B74F7}.Debug|x64.Build.0 = Debug|Any CPU
		{43CD9DE3-0D93-4B1A-8702-B791214B74F7}.Debug|x86.ActiveCfg = Debug|Any CPU
		{43CD9DE3-0D93-4B1A-8702-B791214B74F7}.Debug|x86.Build.0 = Debug|Any CPU
		{43CD9DE3-0D93-4B1A-8702-B791214B74F7}.Release|Any CPU.ActiveCfg = Release|Any CPU
		{43CD9DE3-0D93-4B1A-8702-B791214B74F7}.Release|Any CPU.Build.0 = Release|Any CPU
		{43CD9DE3-0D93-4B1A-8702-B791214B74F7}.Release|ARM.ActiveCfg = Release|Any CPU
		{43CD9DE3-0D93-4B1A-8702-B791214B74F7}.Release|ARM.Build.0 = Release|Any CPU
		{43CD9DE3-0D93-4B1A-8702-B791214B74F7}.Release|x64.ActiveCfg = Release|Any CPU
		{43CD9DE3-0D93-4B1A-8702-B791214B74F7}.Release|x64.Build.0 = Release|Any CPU
		{43CD9DE3-0D93-4B1A-8702-B791214B74F7}.Release|x86.ActiveCfg = Release|Any CPU
		{43CD9DE3-0D93-4B1A-8702-B791214B74F7}.Release|x86.Build.0 = Release|Any CPU
		{1A0230F5-0CEC-431E-81C5-A2D020A80A8D}.Debug|Any CPU.ActiveCfg = Debug|Any CPU
		{1A0230F5-0CEC-431E-81C5-A2D020A80A8D}.Debug|Any CPU.Build.0 = Debug|Any CPU
		{1A0230F5-0CEC-431E-81C5-A2D020A80A8D}.Debug|ARM.ActiveCfg = Debug|Any CPU
		{1A0230F5-0CEC-431E-81C5-A2D020A80A8D}.Debug|ARM.Build.0 = Debug|Any CPU
		{1A0230F5-0CEC-431E-81C5-A2D020A80A8D}.Debug|x64.ActiveCfg = Debug|Any CPU
		{1A0230F5-0CEC-431E-81C5-A2D020A80A8D}.Debug|x64.Build.0 = Debug|Any CPU
		{1A0230F5-0CEC-431E-81C5-A2D020A80A8D}.Debug|x86.ActiveCfg = Debug|Any CPU
		{1A0230F5-0CEC-431E-81C5-A2D020A80A8D}.Debug|x86.Build.0 = Debug|Any CPU
		{1A0230F5-0CEC-431E-81C5-A2D020A80A8D}.Release|Any CPU.ActiveCfg = Release|Any CPU
		{1A0230F5-0CEC-431E-81C5-A2D020A80A8D}.Release|Any CPU.Build.0 = Release|Any CPU
		{1A0230F5-0CEC-431E-81C5-A2D020A80A8D}.Release|ARM.ActiveCfg = Release|Any CPU
		{1A0230F5-0CEC-431E-81C5-A2D020A80A8D}.Release|ARM.Build.0 = Release|Any CPU
		{1A0230F5-0CEC-431E-81C5-A2D020A80A8D}.Release|x64.ActiveCfg = Release|Any CPU
		{1A0230F5-0CEC-431E-81C5-A2D020A80A8D}.Release|x64.Build.0 = Release|Any CPU
		{1A0230F5-0CEC-431E-81C5-A2D020A80A8D}.Release|x86.ActiveCfg = Release|Any CPU
		{1A0230F5-0CEC-431E-81C5-A2D020A80A8D}.Release|x86.Build.0 = Release|Any CPU
		{A0F95126-BAA2-4B65-9902-6545513DE42B}.Debug|Any CPU.ActiveCfg = Debug|Any CPU
		{A0F95126-BAA2-4B65-9902-6545513DE42B}.Debug|Any CPU.Build.0 = Debug|Any CPU
		{A0F95126-BAA2-4B65-9902-6545513DE42B}.Debug|ARM.ActiveCfg = Debug|Any CPU
		{A0F95126-BAA2-4B65-9902-6545513DE42B}.Debug|ARM.Build.0 = Debug|Any CPU
		{A0F95126-BAA2-4B65-9902-6545513DE42B}.Debug|x64.ActiveCfg = Debug|Any CPU
		{A0F95126-BAA2-4B65-9902-6545513DE42B}.Debug|x64.Build.0 = Debug|Any CPU
		{A0F95126-BAA2-4B65-9902-6545513DE42B}.Debug|x86.ActiveCfg = Debug|Any CPU
		{A0F95126-BAA2-4B65-9902-6545513DE42B}.Debug|x86.Build.0 = Debug|Any CPU
		{A0F95126-BAA2-4B65-9902-6545513DE42B}.Release|Any CPU.ActiveCfg = Release|Any CPU
		{A0F95126-BAA2-4B65-9902-6545513DE42B}.Release|Any CPU.Build.0 = Release|Any CPU
		{A0F95126-BAA2-4B65-9902-6545513DE42B}.Release|ARM.ActiveCfg = Release|Any CPU
		{A0F95126-BAA2-4B65-9902-6545513DE42B}.Release|ARM.Build.0 = Release|Any CPU
		{A0F95126-BAA2-4B65-9902-6545513DE42B}.Release|x64.ActiveCfg = Release|Any CPU
		{A0F95126-BAA2-4B65-9902-6545513DE42B}.Release|x64.Build.0 = Release|Any CPU
		{A0F95126-BAA2-4B65-9902-6545513DE42B}.Release|x86.ActiveCfg = Release|Any CPU
		{A0F95126-BAA2-4B65-9902-6545513DE42B}.Release|x86.Build.0 = Release|Any CPU
		{10813E07-FF47-4421-8D54-E41A4D5259E2}.Debug|Any CPU.ActiveCfg = Debug|Any CPU
		{10813E07-FF47-4421-8D54-E41A4D5259E2}.Debug|Any CPU.Build.0 = Debug|Any CPU
		{10813E07-FF47-4421-8D54-E41A4D5259E2}.Debug|ARM.ActiveCfg = Debug|Any CPU
		{10813E07-FF47-4421-8D54-E41A4D5259E2}.Debug|ARM.Build.0 = Debug|Any CPU
		{10813E07-FF47-4421-8D54-E41A4D5259E2}.Debug|x64.ActiveCfg = Debug|Any CPU
		{10813E07-FF47-4421-8D54-E41A4D5259E2}.Debug|x64.Build.0 = Debug|Any CPU
		{10813E07-FF47-4421-8D54-E41A4D5259E2}.Debug|x86.ActiveCfg = Debug|Any CPU
		{10813E07-FF47-4421-8D54-E41A4D5259E2}.Debug|x86.Build.0 = Debug|Any CPU
		{10813E07-FF47-4421-8D54-E41A4D5259E2}.Release|Any CPU.ActiveCfg = Release|Any CPU
		{10813E07-FF47-4421-8D54-E41A4D5259E2}.Release|Any CPU.Build.0 = Release|Any CPU
		{10813E07-FF47-4421-8D54-E41A4D5259E2}.Release|ARM.ActiveCfg = Release|Any CPU
		{10813E07-FF47-4421-8D54-E41A4D5259E2}.Release|ARM.Build.0 = Release|Any CPU
		{10813E07-FF47-4421-8D54-E41A4D5259E2}.Release|x64.ActiveCfg = Release|Any CPU
		{10813E07-FF47-4421-8D54-E41A4D5259E2}.Release|x64.Build.0 = Release|Any CPU
		{10813E07-FF47-4421-8D54-E41A4D5259E2}.Release|x86.ActiveCfg = Release|Any CPU
		{10813E07-FF47-4421-8D54-E41A4D5259E2}.Release|x86.Build.0 = Release|Any CPU
		{61FE84C6-A8A9-4294-AE2E-E2C115940E25}.Debug|Any CPU.ActiveCfg = Debug|Any CPU
		{61FE84C6-A8A9-4294-AE2E-E2C115940E25}.Debug|Any CPU.Build.0 = Debug|Any CPU
		{61FE84C6-A8A9-4294-AE2E-E2C115940E25}.Debug|ARM.ActiveCfg = Debug|Any CPU
		{61FE84C6-A8A9-4294-AE2E-E2C115940E25}.Debug|ARM.Build.0 = Debug|Any CPU
		{61FE84C6-A8A9-4294-AE2E-E2C115940E25}.Debug|x64.ActiveCfg = Debug|Any CPU
		{61FE84C6-A8A9-4294-AE2E-E2C115940E25}.Debug|x64.Build.0 = Debug|Any CPU
		{61FE84C6-A8A9-4294-AE2E-E2C115940E25}.Debug|x86.ActiveCfg = Debug|Any CPU
		{61FE84C6-A8A9-4294-AE2E-E2C115940E25}.Debug|x86.Build.0 = Debug|Any CPU
		{61FE84C6-A8A9-4294-AE2E-E2C115940E25}.Release|Any CPU.ActiveCfg = Release|Any CPU
		{61FE84C6-A8A9-4294-AE2E-E2C115940E25}.Release|Any CPU.Build.0 = Release|Any CPU
		{61FE84C6-A8A9-4294-AE2E-E2C115940E25}.Release|ARM.ActiveCfg = Release|Any CPU
		{61FE84C6-A8A9-4294-AE2E-E2C115940E25}.Release|ARM.Build.0 = Release|Any CPU
		{61FE84C6-A8A9-4294-AE2E-E2C115940E25}.Release|x64.ActiveCfg = Release|Any CPU
		{61FE84C6-A8A9-4294-AE2E-E2C115940E25}.Release|x64.Build.0 = Release|Any CPU
		{61FE84C6-A8A9-4294-AE2E-E2C115940E25}.Release|x86.ActiveCfg = Release|Any CPU
		{61FE84C6-A8A9-4294-AE2E-E2C115940E25}.Release|x86.Build.0 = Release|Any CPU
		{DB1E1231-58F3-43DD-8590-CA926A9F2929}.Debug|Any CPU.ActiveCfg = Debug|Any CPU
		{DB1E1231-58F3-43DD-8590-CA926A9F2929}.Debug|Any CPU.Build.0 = Debug|Any CPU
		{DB1E1231-58F3-43DD-8590-CA926A9F2929}.Debug|ARM.ActiveCfg = Debug|Any CPU
		{DB1E1231-58F3-43DD-8590-CA926A9F2929}.Debug|ARM.Build.0 = Debug|Any CPU
		{DB1E1231-58F3-43DD-8590-CA926A9F2929}.Debug|x64.ActiveCfg = Debug|Any CPU
		{DB1E1231-58F3-43DD-8590-CA926A9F2929}.Debug|x64.Build.0 = Debug|Any CPU
		{DB1E1231-58F3-43DD-8590-CA926A9F2929}.Debug|x86.ActiveCfg = Debug|Any CPU
		{DB1E1231-58F3-43DD-8590-CA926A9F2929}.Debug|x86.Build.0 = Debug|Any CPU
		{DB1E1231-58F3-43DD-8590-CA926A9F2929}.Release|Any CPU.ActiveCfg = Release|Any CPU
		{DB1E1231-58F3-43DD-8590-CA926A9F2929}.Release|Any CPU.Build.0 = Release|Any CPU
		{DB1E1231-58F3-43DD-8590-CA926A9F2929}.Release|ARM.ActiveCfg = Release|Any CPU
		{DB1E1231-58F3-43DD-8590-CA926A9F2929}.Release|ARM.Build.0 = Release|Any CPU
		{DB1E1231-58F3-43DD-8590-CA926A9F2929}.Release|x64.ActiveCfg = Release|Any CPU
		{DB1E1231-58F3-43DD-8590-CA926A9F2929}.Release|x64.Build.0 = Release|Any CPU
		{DB1E1231-58F3-43DD-8590-CA926A9F2929}.Release|x86.ActiveCfg = Release|Any CPU
		{DB1E1231-58F3-43DD-8590-CA926A9F2929}.Release|x86.Build.0 = Release|Any CPU
		{B43466AC-7787-47F7-AE42-D548D91C57FD}.Debug|Any CPU.ActiveCfg = Debug|Any CPU
		{B43466AC-7787-47F7-AE42-D548D91C57FD}.Debug|Any CPU.Build.0 = Debug|Any CPU
		{B43466AC-7787-47F7-AE42-D548D91C57FD}.Debug|ARM.ActiveCfg = Debug|Any CPU
		{B43466AC-7787-47F7-AE42-D548D91C57FD}.Debug|ARM.Build.0 = Debug|Any CPU
		{B43466AC-7787-47F7-AE42-D548D91C57FD}.Debug|x64.ActiveCfg = Debug|Any CPU
		{B43466AC-7787-47F7-AE42-D548D91C57FD}.Debug|x64.Build.0 = Debug|Any CPU
		{B43466AC-7787-47F7-AE42-D548D91C57FD}.Debug|x86.ActiveCfg = Debug|Any CPU
		{B43466AC-7787-47F7-AE42-D548D91C57FD}.Debug|x86.Build.0 = Debug|Any CPU
		{B43466AC-7787-47F7-AE42-D548D91C57FD}.Release|Any CPU.ActiveCfg = Release|Any CPU
		{B43466AC-7787-47F7-AE42-D548D91C57FD}.Release|Any CPU.Build.0 = Release|Any CPU
		{B43466AC-7787-47F7-AE42-D548D91C57FD}.Release|ARM.ActiveCfg = Release|Any CPU
		{B43466AC-7787-47F7-AE42-D548D91C57FD}.Release|ARM.Build.0 = Release|Any CPU
		{B43466AC-7787-47F7-AE42-D548D91C57FD}.Release|x64.ActiveCfg = Release|Any CPU
		{B43466AC-7787-47F7-AE42-D548D91C57FD}.Release|x64.Build.0 = Release|Any CPU
		{B43466AC-7787-47F7-AE42-D548D91C57FD}.Release|x86.ActiveCfg = Release|Any CPU
		{B43466AC-7787-47F7-AE42-D548D91C57FD}.Release|x86.Build.0 = Release|Any CPU
		{42991499-98C6-4E96-B7FD-C52BCF0B1F03}.Debug|Any CPU.ActiveCfg = Debug|Any CPU
		{42991499-98C6-4E96-B7FD-C52BCF0B1F03}.Debug|Any CPU.Build.0 = Debug|Any CPU
		{42991499-98C6-4E96-B7FD-C52BCF0B1F03}.Debug|ARM.ActiveCfg = Debug|Any CPU
		{42991499-98C6-4E96-B7FD-C52BCF0B1F03}.Debug|ARM.Build.0 = Debug|Any CPU
		{42991499-98C6-4E96-B7FD-C52BCF0B1F03}.Debug|x64.ActiveCfg = Debug|Any CPU
		{42991499-98C6-4E96-B7FD-C52BCF0B1F03}.Debug|x64.Build.0 = Debug|Any CPU
		{42991499-98C6-4E96-B7FD-C52BCF0B1F03}.Debug|x86.ActiveCfg = Debug|Any CPU
		{42991499-98C6-4E96-B7FD-C52BCF0B1F03}.Debug|x86.Build.0 = Debug|Any CPU
		{42991499-98C6-4E96-B7FD-C52BCF0B1F03}.Release|Any CPU.ActiveCfg = Release|Any CPU
		{42991499-98C6-4E96-B7FD-C52BCF0B1F03}.Release|Any CPU.Build.0 = Release|Any CPU
		{42991499-98C6-4E96-B7FD-C52BCF0B1F03}.Release|ARM.ActiveCfg = Release|Any CPU
		{42991499-98C6-4E96-B7FD-C52BCF0B1F03}.Release|ARM.Build.0 = Release|Any CPU
		{42991499-98C6-4E96-B7FD-C52BCF0B1F03}.Release|x64.ActiveCfg = Release|Any CPU
		{42991499-98C6-4E96-B7FD-C52BCF0B1F03}.Release|x64.Build.0 = Release|Any CPU
		{42991499-98C6-4E96-B7FD-C52BCF0B1F03}.Release|x86.ActiveCfg = Release|Any CPU
		{42991499-98C6-4E96-B7FD-C52BCF0B1F03}.Release|x86.Build.0 = Release|Any CPU
		{0CD1B2C2-ECB3-495C-BCDB-C78C98234DB4}.Debug|Any CPU.ActiveCfg = Debug|Any CPU
		{0CD1B2C2-ECB3-495C-BCDB-C78C98234DB4}.Debug|Any CPU.Build.0 = Debug|Any CPU
		{0CD1B2C2-ECB3-495C-BCDB-C78C98234DB4}.Debug|ARM.ActiveCfg = Debug|Any CPU
		{0CD1B2C2-ECB3-495C-BCDB-C78C98234DB4}.Debug|ARM.Build.0 = Debug|Any CPU
		{0CD1B2C2-ECB3-495C-BCDB-C78C98234DB4}.Debug|x64.ActiveCfg = Debug|Any CPU
		{0CD1B2C2-ECB3-495C-BCDB-C78C98234DB4}.Debug|x64.Build.0 = Debug|Any CPU
		{0CD1B2C2-ECB3-495C-BCDB-C78C98234DB4}.Debug|x86.ActiveCfg = Debug|Any CPU
		{0CD1B2C2-ECB3-495C-BCDB-C78C98234DB4}.Debug|x86.Build.0 = Debug|Any CPU
		{0CD1B2C2-ECB3-495C-BCDB-C78C98234DB4}.Release|Any CPU.ActiveCfg = Release|Any CPU
		{0CD1B2C2-ECB3-495C-BCDB-C78C98234DB4}.Release|Any CPU.Build.0 = Release|Any CPU
		{0CD1B2C2-ECB3-495C-BCDB-C78C98234DB4}.Release|ARM.ActiveCfg = Release|Any CPU
		{0CD1B2C2-ECB3-495C-BCDB-C78C98234DB4}.Release|ARM.Build.0 = Release|Any CPU
		{0CD1B2C2-ECB3-495C-BCDB-C78C98234DB4}.Release|x64.ActiveCfg = Release|Any CPU
		{0CD1B2C2-ECB3-495C-BCDB-C78C98234DB4}.Release|x64.Build.0 = Release|Any CPU
		{0CD1B2C2-ECB3-495C-BCDB-C78C98234DB4}.Release|x86.ActiveCfg = Release|Any CPU
		{0CD1B2C2-ECB3-495C-BCDB-C78C98234DB4}.Release|x86.Build.0 = Release|Any CPU
		{E78D583B-B42C-4CDD-ABFA-54BBDEAA616C}.Debug|Any CPU.ActiveCfg = Debug|Any CPU
		{E78D583B-B42C-4CDD-ABFA-54BBDEAA616C}.Debug|Any CPU.Build.0 = Debug|Any CPU
		{E78D583B-B42C-4CDD-ABFA-54BBDEAA616C}.Debug|ARM.ActiveCfg = Debug|Any CPU
		{E78D583B-B42C-4CDD-ABFA-54BBDEAA616C}.Debug|ARM.Build.0 = Debug|Any CPU
		{E78D583B-B42C-4CDD-ABFA-54BBDEAA616C}.Debug|x64.ActiveCfg = Debug|Any CPU
		{E78D583B-B42C-4CDD-ABFA-54BBDEAA616C}.Debug|x64.Build.0 = Debug|Any CPU
		{E78D583B-B42C-4CDD-ABFA-54BBDEAA616C}.Debug|x86.ActiveCfg = Debug|Any CPU
		{E78D583B-B42C-4CDD-ABFA-54BBDEAA616C}.Debug|x86.Build.0 = Debug|Any CPU
		{E78D583B-B42C-4CDD-ABFA-54BBDEAA616C}.Release|Any CPU.ActiveCfg = Release|Any CPU
		{E78D583B-B42C-4CDD-ABFA-54BBDEAA616C}.Release|Any CPU.Build.0 = Release|Any CPU
		{E78D583B-B42C-4CDD-ABFA-54BBDEAA616C}.Release|ARM.ActiveCfg = Release|Any CPU
		{E78D583B-B42C-4CDD-ABFA-54BBDEAA616C}.Release|ARM.Build.0 = Release|Any CPU
		{E78D583B-B42C-4CDD-ABFA-54BBDEAA616C}.Release|x64.ActiveCfg = Release|Any CPU
		{E78D583B-B42C-4CDD-ABFA-54BBDEAA616C}.Release|x64.Build.0 = Release|Any CPU
		{E78D583B-B42C-4CDD-ABFA-54BBDEAA616C}.Release|x86.ActiveCfg = Release|Any CPU
		{E78D583B-B42C-4CDD-ABFA-54BBDEAA616C}.Release|x86.Build.0 = Release|Any CPU
		{E32D81E9-61B7-4241-B7C7-3887D9DD7A09}.Debug|Any CPU.ActiveCfg = Debug|Any CPU
		{E32D81E9-61B7-4241-B7C7-3887D9DD7A09}.Debug|Any CPU.Build.0 = Debug|Any CPU
		{E32D81E9-61B7-4241-B7C7-3887D9DD7A09}.Debug|ARM.ActiveCfg = Debug|Any CPU
		{E32D81E9-61B7-4241-B7C7-3887D9DD7A09}.Debug|ARM.Build.0 = Debug|Any CPU
		{E32D81E9-61B7-4241-B7C7-3887D9DD7A09}.Debug|x64.ActiveCfg = Debug|Any CPU
		{E32D81E9-61B7-4241-B7C7-3887D9DD7A09}.Debug|x64.Build.0 = Debug|Any CPU
		{E32D81E9-61B7-4241-B7C7-3887D9DD7A09}.Debug|x86.ActiveCfg = Debug|Any CPU
		{E32D81E9-61B7-4241-B7C7-3887D9DD7A09}.Debug|x86.Build.0 = Debug|Any CPU
		{E32D81E9-61B7-4241-B7C7-3887D9DD7A09}.Release|Any CPU.ActiveCfg = Release|Any CPU
		{E32D81E9-61B7-4241-B7C7-3887D9DD7A09}.Release|Any CPU.Build.0 = Release|Any CPU
		{E32D81E9-61B7-4241-B7C7-3887D9DD7A09}.Release|ARM.ActiveCfg = Release|Any CPU
		{E32D81E9-61B7-4241-B7C7-3887D9DD7A09}.Release|ARM.Build.0 = Release|Any CPU
		{E32D81E9-61B7-4241-B7C7-3887D9DD7A09}.Release|x64.ActiveCfg = Release|Any CPU
		{E32D81E9-61B7-4241-B7C7-3887D9DD7A09}.Release|x64.Build.0 = Release|Any CPU
		{E32D81E9-61B7-4241-B7C7-3887D9DD7A09}.Release|x86.ActiveCfg = Release|Any CPU
		{E32D81E9-61B7-4241-B7C7-3887D9DD7A09}.Release|x86.Build.0 = Release|Any CPU
		{AE79541C-2F9C-486B-A216-E158500BD46E}.Debug|Any CPU.ActiveCfg = Debug|Any CPU
		{AE79541C-2F9C-486B-A216-E158500BD46E}.Debug|Any CPU.Build.0 = Debug|Any CPU
		{AE79541C-2F9C-486B-A216-E158500BD46E}.Debug|ARM.ActiveCfg = Debug|Any CPU
		{AE79541C-2F9C-486B-A216-E158500BD46E}.Debug|ARM.Build.0 = Debug|Any CPU
		{AE79541C-2F9C-486B-A216-E158500BD46E}.Debug|x64.ActiveCfg = Debug|Any CPU
		{AE79541C-2F9C-486B-A216-E158500BD46E}.Debug|x64.Build.0 = Debug|Any CPU
		{AE79541C-2F9C-486B-A216-E158500BD46E}.Debug|x86.ActiveCfg = Debug|Any CPU
		{AE79541C-2F9C-486B-A216-E158500BD46E}.Debug|x86.Build.0 = Debug|Any CPU
		{AE79541C-2F9C-486B-A216-E158500BD46E}.Release|Any CPU.ActiveCfg = Release|Any CPU
		{AE79541C-2F9C-486B-A216-E158500BD46E}.Release|Any CPU.Build.0 = Release|Any CPU
		{AE79541C-2F9C-486B-A216-E158500BD46E}.Release|ARM.ActiveCfg = Release|Any CPU
		{AE79541C-2F9C-486B-A216-E158500BD46E}.Release|ARM.Build.0 = Release|Any CPU
		{AE79541C-2F9C-486B-A216-E158500BD46E}.Release|x64.ActiveCfg = Release|Any CPU
		{AE79541C-2F9C-486B-A216-E158500BD46E}.Release|x64.Build.0 = Release|Any CPU
		{AE79541C-2F9C-486B-A216-E158500BD46E}.Release|x86.ActiveCfg = Release|Any CPU
		{AE79541C-2F9C-486B-A216-E158500BD46E}.Release|x86.Build.0 = Release|Any CPU
		{8AF9CC73-0AEF-4904-B03F-D3C8E6FB06E0}.Debug|Any CPU.ActiveCfg = Debug|Any CPU
		{8AF9CC73-0AEF-4904-B03F-D3C8E6FB06E0}.Debug|Any CPU.Build.0 = Debug|Any CPU
		{8AF9CC73-0AEF-4904-B03F-D3C8E6FB06E0}.Debug|ARM.ActiveCfg = Debug|Any CPU
		{8AF9CC73-0AEF-4904-B03F-D3C8E6FB06E0}.Debug|ARM.Build.0 = Debug|Any CPU
		{8AF9CC73-0AEF-4904-B03F-D3C8E6FB06E0}.Debug|x64.ActiveCfg = Debug|Any CPU
		{8AF9CC73-0AEF-4904-B03F-D3C8E6FB06E0}.Debug|x64.Build.0 = Debug|Any CPU
		{8AF9CC73-0AEF-4904-B03F-D3C8E6FB06E0}.Debug|x86.ActiveCfg = Debug|Any CPU
		{8AF9CC73-0AEF-4904-B03F-D3C8E6FB06E0}.Debug|x86.Build.0 = Debug|Any CPU
		{8AF9CC73-0AEF-4904-B03F-D3C8E6FB06E0}.Release|Any CPU.ActiveCfg = Release|Any CPU
		{8AF9CC73-0AEF-4904-B03F-D3C8E6FB06E0}.Release|Any CPU.Build.0 = Release|Any CPU
		{8AF9CC73-0AEF-4904-B03F-D3C8E6FB06E0}.Release|ARM.ActiveCfg = Release|Any CPU
		{8AF9CC73-0AEF-4904-B03F-D3C8E6FB06E0}.Release|ARM.Build.0 = Release|Any CPU
		{8AF9CC73-0AEF-4904-B03F-D3C8E6FB06E0}.Release|x64.ActiveCfg = Release|Any CPU
		{8AF9CC73-0AEF-4904-B03F-D3C8E6FB06E0}.Release|x64.Build.0 = Release|Any CPU
		{8AF9CC73-0AEF-4904-B03F-D3C8E6FB06E0}.Release|x86.ActiveCfg = Release|Any CPU
		{8AF9CC73-0AEF-4904-B03F-D3C8E6FB06E0}.Release|x86.Build.0 = Release|Any CPU
		{EE1B83D7-5FEE-4A17-B06E-BE4422E9C3C4}.Debug|Any CPU.ActiveCfg = Debug|Any CPU
		{EE1B83D7-5FEE-4A17-B06E-BE4422E9C3C4}.Debug|Any CPU.Build.0 = Debug|Any CPU
		{EE1B83D7-5FEE-4A17-B06E-BE4422E9C3C4}.Debug|ARM.ActiveCfg = Debug|Any CPU
		{EE1B83D7-5FEE-4A17-B06E-BE4422E9C3C4}.Debug|ARM.Build.0 = Debug|Any CPU
		{EE1B83D7-5FEE-4A17-B06E-BE4422E9C3C4}.Debug|x64.ActiveCfg = Debug|Any CPU
		{EE1B83D7-5FEE-4A17-B06E-BE4422E9C3C4}.Debug|x64.Build.0 = Debug|Any CPU
		{EE1B83D7-5FEE-4A17-B06E-BE4422E9C3C4}.Debug|x86.ActiveCfg = Debug|Any CPU
		{EE1B83D7-5FEE-4A17-B06E-BE4422E9C3C4}.Debug|x86.Build.0 = Debug|Any CPU
		{EE1B83D7-5FEE-4A17-B06E-BE4422E9C3C4}.Release|Any CPU.ActiveCfg = Release|Any CPU
		{EE1B83D7-5FEE-4A17-B06E-BE4422E9C3C4}.Release|Any CPU.Build.0 = Release|Any CPU
		{EE1B83D7-5FEE-4A17-B06E-BE4422E9C3C4}.Release|ARM.ActiveCfg = Release|Any CPU
		{EE1B83D7-5FEE-4A17-B06E-BE4422E9C3C4}.Release|ARM.Build.0 = Release|Any CPU
		{EE1B83D7-5FEE-4A17-B06E-BE4422E9C3C4}.Release|x64.ActiveCfg = Release|Any CPU
		{EE1B83D7-5FEE-4A17-B06E-BE4422E9C3C4}.Release|x64.Build.0 = Release|Any CPU
		{EE1B83D7-5FEE-4A17-B06E-BE4422E9C3C4}.Release|x86.ActiveCfg = Release|Any CPU
		{EE1B83D7-5FEE-4A17-B06E-BE4422E9C3C4}.Release|x86.Build.0 = Release|Any CPU
		{230307A0-FF2F-497B-ACA3-B85FD97AF708}.Debug|Any CPU.ActiveCfg = Debug|Any CPU
		{230307A0-FF2F-497B-ACA3-B85FD97AF708}.Debug|Any CPU.Build.0 = Debug|Any CPU
		{230307A0-FF2F-497B-ACA3-B85FD97AF708}.Debug|ARM.ActiveCfg = Debug|Any CPU
		{230307A0-FF2F-497B-ACA3-B85FD97AF708}.Debug|ARM.Build.0 = Debug|Any CPU
		{230307A0-FF2F-497B-ACA3-B85FD97AF708}.Debug|x64.ActiveCfg = Debug|Any CPU
		{230307A0-FF2F-497B-ACA3-B85FD97AF708}.Debug|x64.Build.0 = Debug|Any CPU
		{230307A0-FF2F-497B-ACA3-B85FD97AF708}.Debug|x86.ActiveCfg = Debug|Any CPU
		{230307A0-FF2F-497B-ACA3-B85FD97AF708}.Debug|x86.Build.0 = Debug|Any CPU
		{230307A0-FF2F-497B-ACA3-B85FD97AF708}.Release|Any CPU.ActiveCfg = Release|Any CPU
		{230307A0-FF2F-497B-ACA3-B85FD97AF708}.Release|Any CPU.Build.0 = Release|Any CPU
		{230307A0-FF2F-497B-ACA3-B85FD97AF708}.Release|ARM.ActiveCfg = Release|Any CPU
		{230307A0-FF2F-497B-ACA3-B85FD97AF708}.Release|ARM.Build.0 = Release|Any CPU
		{230307A0-FF2F-497B-ACA3-B85FD97AF708}.Release|x64.ActiveCfg = Release|Any CPU
		{230307A0-FF2F-497B-ACA3-B85FD97AF708}.Release|x64.Build.0 = Release|Any CPU
		{230307A0-FF2F-497B-ACA3-B85FD97AF708}.Release|x86.ActiveCfg = Release|Any CPU
		{230307A0-FF2F-497B-ACA3-B85FD97AF708}.Release|x86.Build.0 = Release|Any CPU
		{48E13352-2D38-4D44-857B-E1097356439F}.Debug|Any CPU.ActiveCfg = Debug|Any CPU
		{48E13352-2D38-4D44-857B-E1097356439F}.Debug|Any CPU.Build.0 = Debug|Any CPU
		{48E13352-2D38-4D44-857B-E1097356439F}.Debug|ARM.ActiveCfg = Debug|Any CPU
		{48E13352-2D38-4D44-857B-E1097356439F}.Debug|ARM.Build.0 = Debug|Any CPU
		{48E13352-2D38-4D44-857B-E1097356439F}.Debug|x64.ActiveCfg = Debug|Any CPU
		{48E13352-2D38-4D44-857B-E1097356439F}.Debug|x64.Build.0 = Debug|Any CPU
		{48E13352-2D38-4D44-857B-E1097356439F}.Debug|x86.ActiveCfg = Debug|Any CPU
		{48E13352-2D38-4D44-857B-E1097356439F}.Debug|x86.Build.0 = Debug|Any CPU
		{48E13352-2D38-4D44-857B-E1097356439F}.Release|Any CPU.ActiveCfg = Release|Any CPU
		{48E13352-2D38-4D44-857B-E1097356439F}.Release|Any CPU.Build.0 = Release|Any CPU
		{48E13352-2D38-4D44-857B-E1097356439F}.Release|ARM.ActiveCfg = Release|Any CPU
		{48E13352-2D38-4D44-857B-E1097356439F}.Release|ARM.Build.0 = Release|Any CPU
		{48E13352-2D38-4D44-857B-E1097356439F}.Release|x64.ActiveCfg = Release|Any CPU
		{48E13352-2D38-4D44-857B-E1097356439F}.Release|x64.Build.0 = Release|Any CPU
		{48E13352-2D38-4D44-857B-E1097356439F}.Release|x86.ActiveCfg = Release|Any CPU
		{48E13352-2D38-4D44-857B-E1097356439F}.Release|x86.Build.0 = Release|Any CPU
	EndGlobalSection
	GlobalSection(SolutionProperties) = preSolution
		HideSolutionNode = FALSE
	EndGlobalSection
EndGlobal
