
Microsoft Visual Studio Solution File, Format Version 12.00
# Visual Studio 14
VisualStudioVersion = 14.0.24720.0
MinimumVisualStudioVersion = 10.0.40219.1
Project("{FAE04EC0-301F-11D3-BF4B-00C04F79EFBC}") = "IProblem", "IProblem\IProblem.csproj", "{05E818A1-1456-4E48-8908-B1AE9EF46485}"
EndProject
Project("{FAE04EC0-301F-11D3-BF4B-00C04F79EFBC}") = "CUI", "CUI\CUI.csproj", "{A1FF9E64-C488-499D-9251-B7A8BC513946}"
EndProject
Project("{FAE04EC0-301F-11D3-BF4B-00C04F79EFBC}") = "PB001", "PB001\PB001.csproj", "{9DEE8AB0-D469-4FA9-8D08-B9BA99A88516}"
EndProject
Project("{FAE04EC0-301F-11D3-BF4B-00C04F79EFBC}") = "PB002", "PB002\PB002.csproj", "{16049329-E55C-41A5-ADB6-FB3501F15B41}"
EndProject
Project("{2150E333-8FDC-42A3-9474-1A3956D46DE8}") = "Solution Items", "Solution Items", "{25AD1708-E18E-4C06-BA13-1EBE47B4C322}"
	ProjectSection(SolutionItems) = preProject
		README.md = README.md
	EndProjectSection
EndProject
Project("{FAE04EC0-301F-11D3-BF4B-00C04F79EFBC}") = "Toolbox", "Toolbox\Toolbox.csproj", "{99726FE1-8DF5-4E36-A0BC-84AD4B51B36A}"
EndProject
Project("{FAE04EC0-301F-11D3-BF4B-00C04F79EFBC}") = "PB003", "PB003\PB003.csproj", "{75DB905C-6D93-4490-8BA7-6F9CCD6FB29C}"
EndProject
Project("{FAE04EC0-301F-11D3-BF4B-00C04F79EFBC}") = "TroyLib", "TroyLib\TroyLib.csproj", "{1F419CF7-F086-481F-8F2C-3541AC53A80D}"
EndProject
Project("{FAE04EC0-301F-11D3-BF4B-00C04F79EFBC}") = "PB004", "PB004\PB004.csproj", "{3117E2D0-2001-4A3E-91C4-32819B041C48}"
EndProject
Project("{FAE04EC0-301F-11D3-BF4B-00C04F79EFBC}") = "PB005", "PB005\PB005.csproj", "{46940867-99A6-47FC-9928-6DF9DFE67CEE}"
EndProject
Project("{FAE04EC0-301F-11D3-BF4B-00C04F79EFBC}") = "PB006", "PB006\PB006.csproj", "{8FD6165C-5C4F-4E13-9A21-C5466FF5D07C}"
EndProject
Project("{FAE04EC0-301F-11D3-BF4B-00C04F79EFBC}") = "PB007", "PB007\PB007.csproj", "{36D230FA-866F-42D0-8B37-88BE72107C92}"
EndProject
Project("{FAE04EC0-301F-11D3-BF4B-00C04F79EFBC}") = "PB008", "PB008\PB008.csproj", "{744FEA2D-A2EF-4AD2-B916-B4401BB390BA}"
EndProject
Project("{FAE04EC0-301F-11D3-BF4B-00C04F79EFBC}") = "GUI", "GUI\GUI.csproj", "{AE031310-84CD-4A2D-9FC7-C3C1D51CC943}"
EndProject
Project("{FAE04EC0-301F-11D3-BF4B-00C04F79EFBC}") = "PB009", "PB009\PB009.csproj", "{4F326B9F-5E0A-4A99-9AF8-6A96AB91742F}"
EndProject
Global
	GlobalSection(SolutionConfigurationPlatforms) = preSolution
		Debug|Any CPU = Debug|Any CPU
		Release|Any CPU = Release|Any CPU
	EndGlobalSection
	GlobalSection(ProjectConfigurationPlatforms) = postSolution
		{05E818A1-1456-4E48-8908-B1AE9EF46485}.Debug|Any CPU.ActiveCfg = Debug|Any CPU
		{05E818A1-1456-4E48-8908-B1AE9EF46485}.Debug|Any CPU.Build.0 = Debug|Any CPU
		{05E818A1-1456-4E48-8908-B1AE9EF46485}.Release|Any CPU.ActiveCfg = Release|Any CPU
		{05E818A1-1456-4E48-8908-B1AE9EF46485}.Release|Any CPU.Build.0 = Release|Any CPU
		{A1FF9E64-C488-499D-9251-B7A8BC513946}.Debug|Any CPU.ActiveCfg = Debug|Any CPU
		{A1FF9E64-C488-499D-9251-B7A8BC513946}.Debug|Any CPU.Build.0 = Debug|Any CPU
		{A1FF9E64-C488-499D-9251-B7A8BC513946}.Release|Any CPU.ActiveCfg = Release|Any CPU
		{A1FF9E64-C488-499D-9251-B7A8BC513946}.Release|Any CPU.Build.0 = Release|Any CPU
		{9DEE8AB0-D469-4FA9-8D08-B9BA99A88516}.Debug|Any CPU.ActiveCfg = Debug|Any CPU
		{9DEE8AB0-D469-4FA9-8D08-B9BA99A88516}.Debug|Any CPU.Build.0 = Debug|Any CPU
		{9DEE8AB0-D469-4FA9-8D08-B9BA99A88516}.Release|Any CPU.ActiveCfg = Release|Any CPU
		{9DEE8AB0-D469-4FA9-8D08-B9BA99A88516}.Release|Any CPU.Build.0 = Release|Any CPU
		{16049329-E55C-41A5-ADB6-FB3501F15B41}.Debug|Any CPU.ActiveCfg = Debug|Any CPU
		{16049329-E55C-41A5-ADB6-FB3501F15B41}.Debug|Any CPU.Build.0 = Debug|Any CPU
		{16049329-E55C-41A5-ADB6-FB3501F15B41}.Release|Any CPU.ActiveCfg = Release|Any CPU
		{16049329-E55C-41A5-ADB6-FB3501F15B41}.Release|Any CPU.Build.0 = Release|Any CPU
		{99726FE1-8DF5-4E36-A0BC-84AD4B51B36A}.Debug|Any CPU.ActiveCfg = Debug|Any CPU
		{99726FE1-8DF5-4E36-A0BC-84AD4B51B36A}.Debug|Any CPU.Build.0 = Debug|Any CPU
		{99726FE1-8DF5-4E36-A0BC-84AD4B51B36A}.Release|Any CPU.ActiveCfg = Release|Any CPU
		{99726FE1-8DF5-4E36-A0BC-84AD4B51B36A}.Release|Any CPU.Build.0 = Release|Any CPU
		{75DB905C-6D93-4490-8BA7-6F9CCD6FB29C}.Debug|Any CPU.ActiveCfg = Debug|Any CPU
		{75DB905C-6D93-4490-8BA7-6F9CCD6FB29C}.Debug|Any CPU.Build.0 = Debug|Any CPU
		{75DB905C-6D93-4490-8BA7-6F9CCD6FB29C}.Release|Any CPU.ActiveCfg = Release|Any CPU
		{75DB905C-6D93-4490-8BA7-6F9CCD6FB29C}.Release|Any CPU.Build.0 = Release|Any CPU
		{1F419CF7-F086-481F-8F2C-3541AC53A80D}.Debug|Any CPU.ActiveCfg = Debug|Any CPU
		{1F419CF7-F086-481F-8F2C-3541AC53A80D}.Debug|Any CPU.Build.0 = Debug|Any CPU
		{1F419CF7-F086-481F-8F2C-3541AC53A80D}.Release|Any CPU.ActiveCfg = Release|Any CPU
		{1F419CF7-F086-481F-8F2C-3541AC53A80D}.Release|Any CPU.Build.0 = Release|Any CPU
		{3117E2D0-2001-4A3E-91C4-32819B041C48}.Debug|Any CPU.ActiveCfg = Debug|Any CPU
		{3117E2D0-2001-4A3E-91C4-32819B041C48}.Debug|Any CPU.Build.0 = Debug|Any CPU
		{3117E2D0-2001-4A3E-91C4-32819B041C48}.Release|Any CPU.ActiveCfg = Release|Any CPU
		{3117E2D0-2001-4A3E-91C4-32819B041C48}.Release|Any CPU.Build.0 = Release|Any CPU
		{46940867-99A6-47FC-9928-6DF9DFE67CEE}.Debug|Any CPU.ActiveCfg = Debug|Any CPU
		{46940867-99A6-47FC-9928-6DF9DFE67CEE}.Debug|Any CPU.Build.0 = Debug|Any CPU
		{46940867-99A6-47FC-9928-6DF9DFE67CEE}.Release|Any CPU.ActiveCfg = Release|Any CPU
		{46940867-99A6-47FC-9928-6DF9DFE67CEE}.Release|Any CPU.Build.0 = Release|Any CPU
		{8FD6165C-5C4F-4E13-9A21-C5466FF5D07C}.Debug|Any CPU.ActiveCfg = Debug|Any CPU
		{8FD6165C-5C4F-4E13-9A21-C5466FF5D07C}.Debug|Any CPU.Build.0 = Debug|Any CPU
		{8FD6165C-5C4F-4E13-9A21-C5466FF5D07C}.Release|Any CPU.ActiveCfg = Release|Any CPU
		{8FD6165C-5C4F-4E13-9A21-C5466FF5D07C}.Release|Any CPU.Build.0 = Release|Any CPU
		{36D230FA-866F-42D0-8B37-88BE72107C92}.Debug|Any CPU.ActiveCfg = Debug|Any CPU
		{36D230FA-866F-42D0-8B37-88BE72107C92}.Debug|Any CPU.Build.0 = Debug|Any CPU
		{36D230FA-866F-42D0-8B37-88BE72107C92}.Release|Any CPU.ActiveCfg = Release|Any CPU
		{36D230FA-866F-42D0-8B37-88BE72107C92}.Release|Any CPU.Build.0 = Release|Any CPU
		{744FEA2D-A2EF-4AD2-B916-B4401BB390BA}.Debug|Any CPU.ActiveCfg = Debug|Any CPU
		{744FEA2D-A2EF-4AD2-B916-B4401BB390BA}.Debug|Any CPU.Build.0 = Debug|Any CPU
		{744FEA2D-A2EF-4AD2-B916-B4401BB390BA}.Release|Any CPU.ActiveCfg = Release|Any CPU
		{744FEA2D-A2EF-4AD2-B916-B4401BB390BA}.Release|Any CPU.Build.0 = Release|Any CPU
		{AE031310-84CD-4A2D-9FC7-C3C1D51CC943}.Debug|Any CPU.ActiveCfg = Debug|Any CPU
		{AE031310-84CD-4A2D-9FC7-C3C1D51CC943}.Debug|Any CPU.Build.0 = Debug|Any CPU
		{AE031310-84CD-4A2D-9FC7-C3C1D51CC943}.Release|Any CPU.ActiveCfg = Release|Any CPU
		{AE031310-84CD-4A2D-9FC7-C3C1D51CC943}.Release|Any CPU.Build.0 = Release|Any CPU
		{4F326B9F-5E0A-4A99-9AF8-6A96AB91742F}.Debug|Any CPU.ActiveCfg = Debug|Any CPU
		{4F326B9F-5E0A-4A99-9AF8-6A96AB91742F}.Debug|Any CPU.Build.0 = Debug|Any CPU
		{4F326B9F-5E0A-4A99-9AF8-6A96AB91742F}.Release|Any CPU.ActiveCfg = Release|Any CPU
		{4F326B9F-5E0A-4A99-9AF8-6A96AB91742F}.Release|Any CPU.Build.0 = Release|Any CPU
	EndGlobalSection
	GlobalSection(SolutionProperties) = preSolution
		HideSolutionNode = FALSE
	EndGlobalSection
EndGlobal
